
Microsoft Visual Studio Solution File, Format Version 12.00
# Visual Studio Version 17
VisualStudioVersion = 17.5.002.0
MinimumVisualStudioVersion = 10.0.40219.1
Project("{2150E333-8FDC-42A3-9474-1A3956D46DE8}") = "csharp-prep", "csharp-prep", "{ADC9DD88-9AB5-4B92-9493-326B56A31A64}"
EndProject
Project("{9A19103F-16F7-4668-BE54-9A1E7A4F7556}") = "Prep1", "csharp-prep\Prep1\Prep1.csproj", "{6FC7EB17-88BF-4499-8028-8E2AFAD4D05C}"
EndProject
Project("{9A19103F-16F7-4668-BE54-9A1E7A4F7556}") = "Prep2", "csharp-prep\Prep2\Prep2.csproj", "{EDFDF70D-2D05-41E2-BC4D-F9DB0F3D68BA}"
EndProject
Project("{9A19103F-16F7-4668-BE54-9A1E7A4F7556}") = "Prep3", "csharp-prep\Prep3\Prep3.csproj", "{1C93BD71-4CCC-4197-B240-89B2A3CF18D9}"
EndProject
Project("{9A19103F-16F7-4668-BE54-9A1E7A4F7556}") = "Prep4", "csharp-prep\Prep4\Prep4.csproj", "{37459951-0BC3-4F7A-990B-68AE420F7989}"
EndProject
Project("{9A19103F-16F7-4668-BE54-9A1E7A4F7556}") = "Prep5", "csharp-prep\Prep5\Prep5.csproj", "{F8B2D453-A00F-4D3C-8CF3-36232A19BFC8}"
EndProject
Project("{2150E333-8FDC-42A3-9474-1A3956D46DE8}") = "final", "final", "{577EEDC4-CC96-41B4-9983-08CA9AD5DF3E}"
EndProject
Project("{9A19103F-16F7-4668-BE54-9A1E7A4F7556}") = "FinalProject", "final\FinalProject\FinalProject.csproj", "{7AB0E610-10CD-4E7E-98E1-457684DDD7A1}"
EndProject
Project("{9A19103F-16F7-4668-BE54-9A1E7A4F7556}") = "Foundation1", "final\Foundation1\Foundation1.csproj", "{D6940890-9D6F-4717-A30D-44B4385059A1}"
EndProject
Project("{9A19103F-16F7-4668-BE54-9A1E7A4F7556}") = "Foundation2", "final\Foundation2\Foundation2.csproj", "{F6515615-CBA0-43E3-84F6-6D5BC6200C9C}"
EndProject
Project("{9A19103F-16F7-4668-BE54-9A1E7A4F7556}") = "Foundation3", "final\Foundation3\Foundation3.csproj", "{0430AE60-37D8-45CA-A7D3-328BF20C07D1}"
EndProject
Project("{9A19103F-16F7-4668-BE54-9A1E7A4F7556}") = "Foundation4", "final\Foundation4\Foundation4.csproj", "{E434C472-0FA0-44DC-A182-4ECDE01D03AF}"
EndProject
Project("{2150E333-8FDC-42A3-9474-1A3956D46DE8}") = "prepare", "prepare", "{419A20EE-E8DD-44DB-A6DA-DB028684C978}"
EndProject
Project("{9A19103F-16F7-4668-BE54-9A1E7A4F7556}") = "Learning02", "prepare\Learning02\Learning02.csproj", "{068D6C2C-92E5-4238-BF67-DE10CFAF86ED}"
EndProject
Project("{9A19103F-16F7-4668-BE54-9A1E7A4F7556}") = "Learning03", "prepare\Learning03\Learning03.csproj", "{0B1CE16D-C873-4520-804E-F16764B254E0}"
EndProject
Project("{9A19103F-16F7-4668-BE54-9A1E7A4F7556}") = "Learning04", "prepare\Learning04\Learning04.csproj", "{3B7785C7-9985-47D0-B486-A6C2D3482C09}"
EndProject
Project("{9A19103F-16F7-4668-BE54-9A1E7A4F7556}") = "Learning05", "prepare\Learning05\Learning05.csproj", "{248A3311-296E-4831-9EA0-42365B48D710}"
EndProject
Project("{2150E333-8FDC-42A3-9474-1A3956D46DE8}") = "prove", "prove", "{9695229E-9570-438E-9CB1-ADA10792AD37}"
EndProject
Project("{9A19103F-16F7-4668-BE54-9A1E7A4F7556}") = "Develop02", "prove\Develop02\Develop02.csproj", "{45587F3E-20A8-47CF-8ACC-58D196EA7E7F}"
EndProject
Project("{9A19103F-16F7-4668-BE54-9A1E7A4F7556}") = "Develop03", "prove\Develop03\Develop03.csproj", "{40E43EBD-23E9-4E4D-953C-46D287CB5E23}"
EndProject
Project("{9A19103F-16F7-4668-BE54-9A1E7A4F7556}") = "Develop04", "prove\Develop04\Develop04.csproj", "{4471DD16-2BF6-482C-8061-6409F6CF1620}"
EndProject
Project("{9A19103F-16F7-4668-BE54-9A1E7A4F7556}") = "Develop05", "prove\Develop05\Develop05.csproj", "{B7870C57-079A-49FE-AAA0-C500506B67FC}"
EndProject
Project("{2150E333-8FDC-42A3-9474-1A3956D46DE8}") = "sandbox", "sandbox", "{726E06E3-EB8D-4EE3-B62C-C0CA4B32EF73}"
EndProject
Project("{9A19103F-16F7-4668-BE54-9A1E7A4F7556}") = "Sandbox", "sandbox\Sandbox\Sandbox.csproj", "{B9482077-A693-475A-84E6-495EE4FCED89}"
EndProject
Global
	GlobalSection(SolutionConfigurationPlatforms) = preSolution
		Debug|Any CPU = Debug|Any CPU
		Release|Any CPU = Release|Any CPU
	EndGlobalSection
	GlobalSection(ProjectConfigurationPlatforms) = postSolution
		{6FC7EB17-88BF-4499-8028-8E2AFAD4D05C}.Debug|Any CPU.ActiveCfg = Debug|Any CPU
		{6FC7EB17-88BF-4499-8028-8E2AFAD4D05C}.Debug|Any CPU.Build.0 = Debug|Any CPU
		{6FC7EB17-88BF-4499-8028-8E2AFAD4D05C}.Release|Any CPU.ActiveCfg = Release|Any CPU
		{6FC7EB17-88BF-4499-8028-8E2AFAD4D05C}.Release|Any CPU.Build.0 = Release|Any CPU
		{EDFDF70D-2D05-41E2-BC4D-F9DB0F3D68BA}.Debug|Any CPU.ActiveCfg = Debug|Any CPU
		{EDFDF70D-2D05-41E2-BC4D-F9DB0F3D68BA}.Debug|Any CPU.Build.0 = Debug|Any CPU
		{EDFDF70D-2D05-41E2-BC4D-F9DB0F3D68BA}.Release|Any CPU.ActiveCfg = Release|Any CPU
		{EDFDF70D-2D05-41E2-BC4D-F9DB0F3D68BA}.Release|Any CPU.Build.0 = Release|Any CPU
		{1C93BD71-4CCC-4197-B240-89B2A3CF18D9}.Debug|Any CPU.ActiveCfg = Debug|Any CPU
		{1C93BD71-4CCC-4197-B240-89B2A3CF18D9}.Debug|Any CPU.Build.0 = Debug|Any CPU
		{1C93BD71-4CCC-4197-B240-89B2A3CF18D9}.Release|Any CPU.ActiveCfg = Release|Any CPU
		{1C93BD71-4CCC-4197-B240-89B2A3CF18D9}.Release|Any CPU.Build.0 = Release|Any CPU
		{37459951-0BC3-4F7A-990B-68AE420F7989}.Debug|Any CPU.ActiveCfg = Debug|Any CPU
		{37459951-0BC3-4F7A-990B-68AE420F7989}.Debug|Any CPU.Build.0 = Debug|Any CPU
		{37459951-0BC3-4F7A-990B-68AE420F7989}.Release|Any CPU.ActiveCfg = Release|Any CPU
		{37459951-0BC3-4F7A-990B-68AE420F7989}.Release|Any CPU.Build.0 = Release|Any CPU
		{F8B2D453-A00F-4D3C-8CF3-36232A19BFC8}.Debug|Any CPU.ActiveCfg = Debug|Any CPU
		{F8B2D453-A00F-4D3C-8CF3-36232A19BFC8}.Debug|Any CPU.Build.0 = Debug|Any CPU
		{F8B2D453-A00F-4D3C-8CF3-36232A19BFC8}.Release|Any CPU.ActiveCfg = Release|Any CPU
		{F8B2D453-A00F-4D3C-8CF3-36232A19BFC8}.Release|Any CPU.Build.0 = Release|Any CPU
		{7AB0E610-10CD-4E7E-98E1-457684DDD7A1}.Debug|Any CPU.ActiveCfg = Debug|Any CPU
		{7AB0E610-10CD-4E7E-98E1-457684DDD7A1}.Debug|Any CPU.Build.0 = Debug|Any CPU
		{7AB0E610-10CD-4E7E-98E1-457684DDD7A1}.Release|Any CPU.ActiveCfg = Release|Any CPU
		{7AB0E610-10CD-4E7E-98E1-457684DDD7A1}.Release|Any CPU.Build.0 = Release|Any CPU
		{D6940890-9D6F-4717-A30D-44B4385059A1}.Debug|Any CPU.ActiveCfg = Debug|Any CPU
		{D6940890-9D6F-4717-A30D-44B4385059A1}.Debug|Any CPU.Build.0 = Debug|Any CPU
		{D6940890-9D6F-4717-A30D-44B4385059A1}.Release|Any CPU.ActiveCfg = Release|Any CPU
		{D6940890-9D6F-4717-A30D-44B4385059A1}.Release|Any CPU.Build.0 = Release|Any CPU
		{F6515615-CBA0-43E3-84F6-6D5BC6200C9C}.Debug|Any CPU.ActiveCfg = Debug|Any CPU
		{F6515615-CBA0-43E3-84F6-6D5BC6200C9C}.Debug|Any CPU.Build.0 = Debug|Any CPU
		{F6515615-CBA0-43E3-84F6-6D5BC6200C9C}.Release|Any CPU.ActiveCfg = Release|Any CPU
		{F6515615-CBA0-43E3-84F6-6D5BC6200C9C}.Release|Any CPU.Build.0 = Release|Any CPU
		{0430AE60-37D8-45CA-A7D3-328BF20C07D1}.Debug|Any CPU.ActiveCfg = Debug|Any CPU
		{0430AE60-37D8-45CA-A7D3-328BF20C07D1}.Debug|Any CPU.Build.0 = Debug|Any CPU
		{0430AE60-37D8-45CA-A7D3-328BF20C07D1}.Release|Any CPU.ActiveCfg = Release|Any CPU
		{0430AE60-37D8-45CA-A7D3-328BF20C07D1}.Release|Any CPU.Build.0 = Release|Any CPU
		{E434C472-0FA0-44DC-A182-4ECDE01D03AF}.Debug|Any CPU.ActiveCfg = Debug|Any CPU
		{E434C472-0FA0-44DC-A182-4ECDE01D03AF}.Debug|Any CPU.Build.0 = Debug|Any CPU
		{E434C472-0FA0-44DC-A182-4ECDE01D03AF}.Release|Any CPU.ActiveCfg = Release|Any CPU
		{E434C472-0FA0-44DC-A182-4ECDE01D03AF}.Release|Any CPU.Build.0 = Release|Any CPU
		{068D6C2C-92E5-4238-BF67-DE10CFAF86ED}.Debug|Any CPU.ActiveCfg = Debug|Any CPU
		{068D6C2C-92E5-4238-BF67-DE10CFAF86ED}.Debug|Any CPU.Build.0 = Debug|Any CPU
		{068D6C2C-92E5-4238-BF67-DE10CFAF86ED}.Release|Any CPU.ActiveCfg = Release|Any CPU
		{068D6C2C-92E5-4238-BF67-DE10CFAF86ED}.Release|Any CPU.Build.0 = Release|Any CPU
		{0B1CE16D-C873-4520-804E-F16764B254E0}.Debug|Any CPU.ActiveCfg = Debug|Any CPU
		{0B1CE16D-C873-4520-804E-F16764B254E0}.Debug|Any CPU.Build.0 = Debug|Any CPU
		{0B1CE16D-C873-4520-804E-F16764B254E0}.Release|Any CPU.ActiveCfg = Release|Any CPU
		{0B1CE16D-C873-4520-804E-F16764B254E0}.Release|Any CPU.Build.0 = Release|Any CPU
		{3B7785C7-9985-47D0-B486-A6C2D3482C09}.Debug|Any CPU.ActiveCfg = Debug|Any CPU
		{3B7785C7-9985-47D0-B486-A6C2D3482C09}.Debug|Any CPU.Build.0 = Debug|Any CPU
		{3B7785C7-9985-47D0-B486-A6C2D3482C09}.Release|Any CPU.ActiveCfg = Release|Any CPU
		{3B7785C7-9985-47D0-B486-A6C2D3482C09}.Release|Any CPU.Build.0 = Release|Any CPU
		{248A3311-296E-4831-9EA0-42365B48D710}.Debug|Any CPU.ActiveCfg = Debug|Any CPU
		{248A3311-296E-4831-9EA0-42365B48D710}.Debug|Any CPU.Build.0 = Debug|Any CPU
		{248A3311-296E-4831-9EA0-42365B48D710}.Release|Any CPU.ActiveCfg = Release|Any CPU
		{248A3311-296E-4831-9EA0-42365B48D710}.Release|Any CPU.Build.0 = Release|Any CPU
		{45587F3E-20A8-47CF-8ACC-58D196EA7E7F}.Debug|Any CPU.ActiveCfg = Debug|Any CPU
		{45587F3E-20A8-47CF-8ACC-58D196EA7E7F}.Debug|Any CPU.Build.0 = Debug|Any CPU
		{45587F3E-20A8-47CF-8ACC-58D196EA7E7F}.Release|Any CPU.ActiveCfg = Release|Any CPU
		{45587F3E-20A8-47CF-8ACC-58D196EA7E7F}.Release|Any CPU.Build.0 = Release|Any CPU
		{40E43EBD-23E9-4E4D-953C-46D287CB5E23}.Debug|Any CPU.ActiveCfg = Debug|Any CPU
		{40E43EBD-23E9-4E4D-953C-46D287CB5E23}.Debug|Any CPU.Build.0 = Debug|Any CPU
		{40E43EBD-23E9-4E4D-953C-46D287CB5E23}.Release|Any CPU.ActiveCfg = Release|Any CPU
		{40E43EBD-23E9-4E4D-953C-46D287CB5E23}.Release|Any CPU.Build.0 = Release|Any CPU
		{4471DD16-2BF6-482C-8061-6409F6CF1620}.Debug|Any CPU.ActiveCfg = Debug|Any CPU
		{4471DD16-2BF6-482C-8061-6409F6CF1620}.Debug|Any CPU.Build.0 = Debug|Any CPU
		{4471DD16-2BF6-482C-8061-6409F6CF1620}.Release|Any CPU.ActiveCfg = Release|Any CPU
		{4471DD16-2BF6-482C-8061-6409F6CF1620}.Release|Any CPU.Build.0 = Release|Any CPU
		{B7870C57-079A-49FE-AAA0-C500506B67FC}.Debug|Any CPU.ActiveCfg = Debug|Any CPU
		{B7870C57-079A-49FE-AAA0-C500506B67FC}.Debug|Any CPU.Build.0 = Debug|Any CPU
		{B7870C57-079A-49FE-AAA0-C500506B67FC}.Release|Any CPU.ActiveCfg = Release|Any CPU
		{B7870C57-079A-49FE-AAA0-C500506B67FC}.Release|Any CPU.Build.0 = Release|Any CPU
		{B9482077-A693-475A-84E6-495EE4FCED89}.Debug|Any CPU.ActiveCfg = Debug|Any CPU
		{B9482077-A693-475A-84E6-495EE4FCED89}.Debug|Any CPU.Build.0 = Debug|Any CPU
		{B9482077-A693-475A-84E6-495EE4FCED89}.Release|Any CPU.ActiveCfg = Release|Any CPU
		{B9482077-A693-475A-84E6-495EE4FCED89}.Release|Any CPU.Build.0 = Release|Any CPU
	EndGlobalSection
	GlobalSection(SolutionProperties) = preSolution
		HideSolutionNode = FALSE
	EndGlobalSection
	GlobalSection(NestedProjects) = preSolution
		{6FC7EB17-88BF-4499-8028-8E2AFAD4D05C} = {ADC9DD88-9AB5-4B92-9493-326B56A31A64}
		{EDFDF70D-2D05-41E2-BC4D-F9DB0F3D68BA} = {ADC9DD88-9AB5-4B92-9493-326B56A31A64}
		{1C93BD71-4CCC-4197-B240-89B2A3CF18D9} = {ADC9DD88-9AB5-4B92-9493-326B56A31A64}
		{37459951-0BC3-4F7A-990B-68AE420F7989} = {ADC9DD88-9AB5-4B92-9493-326B56A31A64}
		{F8B2D453-A00F-4D3C-8CF3-36232A19BFC8} = {ADC9DD88-9AB5-4B92-9493-326B56A31A64}
		{7AB0E610-10CD-4E7E-98E1-457684DDD7A1} = {577EEDC4-CC96-41B4-9983-08CA9AD5DF3E}
		{D6940890-9D6F-4717-A30D-44B4385059A1} = {577EEDC4-CC96-41B4-9983-08CA9AD5DF3E}
		{F6515615-CBA0-43E3-84F6-6D5BC6200C9C} = {577EEDC4-CC96-41B4-9983-08CA9AD5DF3E}
		{0430AE60-37D8-45CA-A7D3-328BF20C07D1} = {577EEDC4-CC96-41B4-9983-08CA9AD5DF3E}
		{E434C472-0FA0-44DC-A182-4ECDE01D03AF} = {577EEDC4-CC96-41B4-9983-08CA9AD5DF3E}
		{068D6C2C-92E5-4238-BF67-DE10CFAF86ED} = {419A20EE-E8DD-44DB-A6DA-DB028684C978}
		{0B1CE16D-C873-4520-804E-F16764B254E0} = {419A20EE-E8DD-44DB-A6DA-DB028684C978}
		{3B7785C7-9985-47D0-B486-A6C2D3482C09} = {419A20EE-E8DD-44DB-A6DA-DB028684C978}
		{248A3311-296E-4831-9EA0-42365B48D710} = {419A20EE-E8DD-44DB-A6DA-DB028684C978}
		{45587F3E-20A8-47CF-8ACC-58D196EA7E7F} = {9695229E-9570-438E-9CB1-ADA10792AD37}
		{40E43EBD-23E9-4E4D-953C-46D287CB5E23} = {9695229E-9570-438E-9CB1-ADA10792AD37}
		{4471DD16-2BF6-482C-8061-6409F6CF1620} = {9695229E-9570-438E-9CB1-ADA10792AD37}
		{B7870C57-079A-49FE-AAA0-C500506B67FC} = {9695229E-9570-438E-9CB1-ADA10792AD37}
		{B9482077-A693-475A-84E6-495EE4FCED89} = {726E06E3-EB8D-4EE3-B62C-C0CA4B32EF73}
	EndGlobalSection
	GlobalSection(ExtensibilityGlobals) = postSolution
		SolutionGuid = {DC5C363D-0749-4117-B110-360D88E460C3}
	EndGlobalSection
EndGlobal
